
Microsoft Visual Studio Solution File, Format Version 12.00
# Visual Studio Version 17
VisualStudioVersion = 17.11.35208.52
MinimumVisualStudioVersion = 10.0.40219.1
Project("{FAE04EC0-301F-11D3-BF4B-00C04F79EFBC}") = "hesapmakinesi_sondeneme", "hesapmakinesi_sondeneme\hesapmakinesi_sondeneme.csproj", "{31D96A54-4AD5-4627-B4BC-AAE263DB52E8}"
EndProject
Global
	GlobalSection(SolutionConfigurationPlatforms) = preSolution
		Debug|Any CPU = Debug|Any CPU
		Release|Any CPU = Release|Any CPU
	EndGlobalSection
	GlobalSection(ProjectConfigurationPlatforms) = postSolution
		{31D96A54-4AD5-4627-B4BC-AAE263DB52E8}.Debug|Any CPU.ActiveCfg = Debug|Any CPU
		{31D96A54-4AD5-4627-B4BC-AAE263DB52E8}.Debug|Any CPU.Build.0 = Debug|Any CPU
		{31D96A54-4AD5-4627-B4BC-AAE263DB52E8}.Release|Any CPU.ActiveCfg = Release|Any CPU
		{31D96A54-4AD5-4627-B4BC-AAE263DB52E8}.Release|Any CPU.Build.0 = Release|Any CPU
	EndGlobalSection
	GlobalSection(SolutionProperties) = preSolution
		HideSolutionNode = FALSE
	EndGlobalSection
	GlobalSection(ExtensibilityGlobals) = postSolution
		SolutionGuid = {FFAB922D-06FD-490F-807B-648A116CED84}
	EndGlobalSection
EndGlobal
